
Microsoft Visual Studio Solution File, Format Version 12.00
# Visual Studio Version 17
VisualStudioVersion = 17.6.33829.357
MinimumVisualStudioVersion = 10.0.40219.1
Project("{9A19103F-16F7-4668-BE54-9A1E7A4F7556}") = "Fundamentos-de-programacion-CSharp", "Fundamentos-de-programacion-CSharp.csproj", "{277E8280-F3A8-40AD-9305-70548291DB50}"
EndProject
Global
	GlobalSection(SolutionConfigurationPlatforms) = preSolution
		Debug|Any CPU = Debug|Any CPU
		Release|Any CPU = Release|Any CPU
	EndGlobalSection
	GlobalSection(ProjectConfigurationPlatforms) = postSolution
		{277E8280-F3A8-40AD-9305-70548291DB50}.Debug|Any CPU.ActiveCfg = Debug|Any CPU
		{277E8280-F3A8-40AD-9305-70548291DB50}.Debug|Any CPU.Build.0 = Debug|Any CPU
		{277E8280-F3A8-40AD-9305-70548291DB50}.Release|Any CPU.ActiveCfg = Release|Any CPU
		{277E8280-F3A8-40AD-9305-70548291DB50}.Release|Any CPU.Build.0 = Release|Any CPU
	EndGlobalSection
	GlobalSection(SolutionProperties) = preSolution
		HideSolutionNode = FALSE
	EndGlobalSection
	GlobalSection(ExtensibilityGlobals) = postSolution
		SolutionGuid = {2E924ED4-16A8-46E8-BFD1-586EB04204C6}
	EndGlobalSection
EndGlobal
